
Microsoft Visual Studio Solution File, Format Version 12.00
# Visual Studio Version 16
VisualStudioVersion = 16.0.29409.12
MinimumVisualStudioVersion = 10.0.40219.1
Project("{FAE04EC0-301F-11D3-BF4B-00C04F79EFBC}") = "LongestRepeatingSubstring", "LongestRepeatingSubstring\LongestRepeatingSubstring.csproj", "{192DA2AB-C9CD-4E3E-B516-015CE777BA90}"
EndProject
Global
	GlobalSection(SolutionConfigurationPlatforms) = preSolution
		Debug|Any CPU = Debug|Any CPU
		Release|Any CPU = Release|Any CPU
	EndGlobalSection
	GlobalSection(ProjectConfigurationPlatforms) = postSolution
		{192DA2AB-C9CD-4E3E-B516-015CE777BA90}.Debug|Any CPU.ActiveCfg = Debug|Any CPU
		{192DA2AB-C9CD-4E3E-B516-015CE777BA90}.Debug|Any CPU.Build.0 = Debug|Any CPU
		{192DA2AB-C9CD-4E3E-B516-015CE777BA90}.Release|Any CPU.ActiveCfg = Release|Any CPU
		{192DA2AB-C9CD-4E3E-B516-015CE777BA90}.Release|Any CPU.Build.0 = Release|Any CPU
	EndGlobalSection
	GlobalSection(SolutionProperties) = preSolution
		HideSolutionNode = FALSE
	EndGlobalSection
	GlobalSection(ExtensibilityGlobals) = postSolution
		SolutionGuid = {39A04D37-EFB8-48EE-8951-08CB2BA8E7CB}
	EndGlobalSection
EndGlobal
